// !$*UTF8*$!
{
	archiveVersion = 1;
	classes = {
	};
	objectVersion = 56;
	objects = {

/* Begin PBXBuildFile section */
		CB051BA02CBF750800A3B223 /* SnapKit in Frameworks */ = {isa = PBXBuildFile; productRef = CB051B9F2CBF750800A3B223 /* SnapKit */; };
		CB051BA22CBF750800A3B223 /* SnapKit-Dynamic in Frameworks */ = {isa = PBXBuildFile; productRef = CB051BA12CBF750800A3B223 /* SnapKit-Dynamic */; };
		CB051BA52CBF752E00A3B223 /* Then in Frameworks */ = {isa = PBXBuildFile; productRef = CB051BA42CBF752E00A3B223 /* Then */; };
		CB051BA92CBF7D5600A3B223 /* UIView+Extension.swift in Sources */ = {isa = PBXBuildFile; fileRef = CB051BA82CBF7D5600A3B223 /* UIView+Extension.swift */; };
		CB051BAE2CBF7E1200A3B223 /* UIStackView+Extension.swift in Sources */ = {isa = PBXBuildFile; fileRef = CB051BAD2CBF7E1200A3B223 /* UIStackView+Extension.swift */; };
		CB051BB02CBF802800A3B223 /* TitleView.swift in Sources */ = {isa = PBXBuildFile; fileRef = CB051BAF2CBF802800A3B223 /* TitleView.swift */; };
		CB051BB32CBF805400A3B223 /* BaseViewController.swift in Sources */ = {isa = PBXBuildFile; fileRef = CB051BB22CBF805400A3B223 /* BaseViewController.swift */; };
		CB051BB52CBF82FC00A3B223 /* BaseView.swift in Sources */ = {isa = PBXBuildFile; fileRef = CB051BB42CBF82FC00A3B223 /* BaseView.swift */; };
		CB051BB72CBF927D00A3B223 /* InformationView.swift in Sources */ = {isa = PBXBuildFile; fileRef = CB051BB62CBF927D00A3B223 /* InformationView.swift */; };
		CB051BB92CBFC1E400A3B223 /* NewVersionView.swift in Sources */ = {isa = PBXBuildFile; fileRef = CB051BB82CBFC1E400A3B223 /* NewVersionView.swift */; };
		CB051BBB2CBFCBBB00A3B223 /* PreviewView.swift in Sources */ = {isa = PBXBuildFile; fileRef = CB051BBA2CBFCBBB00A3B223 /* PreviewView.swift */; };
		CB051BBD2CC0008000A3B223 /* DescriptionVIew.swift in Sources */ = {isa = PBXBuildFile; fileRef = CB051BBC2CC0008000A3B223 /* DescriptionVIew.swift */; };
		CB051BBF2CC00CAC00A3B223 /* ReviewView.swift in Sources */ = {isa = PBXBuildFile; fileRef = CB051BBE2CC00CAC00A3B223 /* ReviewView.swift */; };
		CB051BC22CC01F4400A3B223 /* VersionRecordViewController.swift in Sources */ = {isa = PBXBuildFile; fileRef = CB051BC12CC01F4400A3B223 /* VersionRecordViewController.swift */; };
		CB051BC42CC023B800A3B223 /* ReviewListViewController.swift in Sources */ = {isa = PBXBuildFile; fileRef = CB051BC32CC023B800A3B223 /* ReviewListViewController.swift */; };
		CB051BC62CC0242C00A3B223 /* ReviewWriteViewController.swift in Sources */ = {isa = PBXBuildFile; fileRef = CB051BC52CC0242C00A3B223 /* ReviewWriteViewController.swift */; };
		CB051BDB2CCCC18500A3B223 /* App.swift in Sources */ = {isa = PBXBuildFile; fileRef = CB051BDA2CCCC18500A3B223 /* App.swift */; };
		CB051BDD2CCCC1F200A3B223 /* ChartCell.swift in Sources */ = {isa = PBXBuildFile; fileRef = CB051BDC2CCCC1F200A3B223 /* ChartCell.swift */; };
		CB051BDF2CCCC21E00A3B223 /* ChartViewController.swift in Sources */ = {isa = PBXBuildFile; fileRef = CB051BDE2CCCC21E00A3B223 /* ChartViewController.swift */; };
		CB051BE12CCCC25700A3B223 /* DownloadState.swift in Sources */ = {isa = PBXBuildFile; fileRef = CB051BE02CCCC25700A3B223 /* DownloadState.swift */; };
		CB051BEA2CCE803800A3B223 /* DividerView.swift in Sources */ = {isa = PBXBuildFile; fileRef = CB051BE92CCE803800A3B223 /* DividerView.swift */; };
		CB051BEE2CCFD5A900A3B223 /* AppViewController.swift in Sources */ = {isa = PBXBuildFile; fileRef = CB051BED2CCFD5A900A3B223 /* AppViewController.swift */; };
		CB051BF02CCFD5DF00A3B223 /* FirstSectionViewCell.swift in Sources */ = {isa = PBXBuildFile; fileRef = CB051BEF2CCFD5DF00A3B223 /* FirstSectionViewCell.swift */; };
		CB051BF22CCFEF1A00A3B223 /* FirstSectionAppView.swift in Sources */ = {isa = PBXBuildFile; fileRef = CB051BF12CCFEF1A00A3B223 /* FirstSectionAppView.swift */; };
		CB051BF42CCFF54900A3B223 /* SecondSectionView.swift in Sources */ = {isa = PBXBuildFile; fileRef = CB051BF32CCFF54900A3B223 /* SecondSectionView.swift */; };
		CB051BF62CD0C99A00A3B223 /* ChartCollectionCell.swift in Sources */ = {isa = PBXBuildFile; fileRef = CB051BF52CD0C99A00A3B223 /* ChartCollectionCell.swift */; };
		CB051BF82CD0D30700A3B223 /* ThirdSectionView.swift in Sources */ = {isa = PBXBuildFile; fileRef = CB051BF72CD0D30700A3B223 /* ThirdSectionView.swift */; };
		CB051BFA2CD0D78C00A3B223 /* FourthSectionView.swift in Sources */ = {isa = PBXBuildFile; fileRef = CB051BF92CD0D78C00A3B223 /* FourthSectionView.swift */; };
		CB051BFC2CD1458800A3B223 /* AppCollectionCell.swift in Sources */ = {isa = PBXBuildFile; fileRef = CB051BFB2CD1458800A3B223 /* AppCollectionCell.swift */; };
		CB051BFF2CD2239C00A3B223 /* ReviewCell.swift in Sources */ = {isa = PBXBuildFile; fileRef = CB051BFE2CD2239C00A3B223 /* ReviewCell.swift */; };
		CB2E9CEC2CB101C6007D0B9B /* AppDelegate.swift in Sources */ = {isa = PBXBuildFile; fileRef = CB2E9CEB2CB101C6007D0B9B /* AppDelegate.swift */; };
		CB2E9CEE2CB101C6007D0B9B /* SceneDelegate.swift in Sources */ = {isa = PBXBuildFile; fileRef = CB2E9CED2CB101C6007D0B9B /* SceneDelegate.swift */; };
		CB2E9CF02CB101C6007D0B9B /* DetailViewController.swift in Sources */ = {isa = PBXBuildFile; fileRef = CB2E9CEF2CB101C6007D0B9B /* DetailViewController.swift */; };
		CB2E9CF52CB101CC007D0B9B /* Assets.xcassets in Resources */ = {isa = PBXBuildFile; fileRef = CB2E9CF42CB101CC007D0B9B /* Assets.xcassets */; };
		CB2E9CF82CB101CC007D0B9B /* Base in Resources */ = {isa = PBXBuildFile; fileRef = CB2E9CF72CB101CC007D0B9B /* Base */; };
/* End PBXBuildFile section */

/* Begin PBXFileReference section */
		CB051BA82CBF7D5600A3B223 /* UIView+Extension.swift */ = {isa = PBXFileReference; lastKnownFileType = sourcecode.swift; path = "UIView+Extension.swift"; sourceTree = "<group>"; };
		CB051BAD2CBF7E1200A3B223 /* UIStackView+Extension.swift */ = {isa = PBXFileReference; lastKnownFileType = sourcecode.swift; path = "UIStackView+Extension.swift"; sourceTree = "<group>"; };
		CB051BAF2CBF802800A3B223 /* TitleView.swift */ = {isa = PBXFileReference; lastKnownFileType = sourcecode.swift; path = TitleView.swift; sourceTree = "<group>"; };
		CB051BB22CBF805400A3B223 /* BaseViewController.swift */ = {isa = PBXFileReference; lastKnownFileType = sourcecode.swift; path = BaseViewController.swift; sourceTree = "<group>"; };
		CB051BB42CBF82FC00A3B223 /* BaseView.swift */ = {isa = PBXFileReference; lastKnownFileType = sourcecode.swift; path = BaseView.swift; sourceTree = "<group>"; };
		CB051BB62CBF927D00A3B223 /* InformationView.swift */ = {isa = PBXFileReference; lastKnownFileType = sourcecode.swift; path = InformationView.swift; sourceTree = "<group>"; };
		CB051BB82CBFC1E400A3B223 /* NewVersionView.swift */ = {isa = PBXFileReference; lastKnownFileType = sourcecode.swift; path = NewVersionView.swift; sourceTree = "<group>"; };
		CB051BBA2CBFCBBB00A3B223 /* PreviewView.swift */ = {isa = PBXFileReference; lastKnownFileType = sourcecode.swift; path = PreviewView.swift; sourceTree = "<group>"; };
		CB051BBC2CC0008000A3B223 /* DescriptionVIew.swift */ = {isa = PBXFileReference; lastKnownFileType = sourcecode.swift; path = DescriptionVIew.swift; sourceTree = "<group>"; };
		CB051BBE2CC00CAC00A3B223 /* ReviewView.swift */ = {isa = PBXFileReference; lastKnownFileType = sourcecode.swift; path = ReviewView.swift; sourceTree = "<group>"; };
		CB051BC12CC01F4400A3B223 /* VersionRecordViewController.swift */ = {isa = PBXFileReference; lastKnownFileType = sourcecode.swift; path = VersionRecordViewController.swift; sourceTree = "<group>"; };
		CB051BC32CC023B800A3B223 /* ReviewListViewController.swift */ = {isa = PBXFileReference; lastKnownFileType = sourcecode.swift; path = ReviewListViewController.swift; sourceTree = "<group>"; };
		CB051BC52CC0242C00A3B223 /* ReviewWriteViewController.swift */ = {isa = PBXFileReference; lastKnownFileType = sourcecode.swift; path = ReviewWriteViewController.swift; sourceTree = "<group>"; };
		CB051BDA2CCCC18500A3B223 /* App.swift */ = {isa = PBXFileReference; lastKnownFileType = sourcecode.swift; path = App.swift; sourceTree = "<group>"; };
		CB051BDC2CCCC1F200A3B223 /* ChartCell.swift */ = {isa = PBXFileReference; lastKnownFileType = sourcecode.swift; path = ChartCell.swift; sourceTree = "<group>"; };
		CB051BDE2CCCC21E00A3B223 /* ChartViewController.swift */ = {isa = PBXFileReference; lastKnownFileType = sourcecode.swift; path = ChartViewController.swift; sourceTree = "<group>"; };
		CB051BE02CCCC25700A3B223 /* DownloadState.swift */ = {isa = PBXFileReference; lastKnownFileType = sourcecode.swift; path = DownloadState.swift; sourceTree = "<group>"; };
		CB051BE92CCE803800A3B223 /* DividerView.swift */ = {isa = PBXFileReference; lastKnownFileType = sourcecode.swift; path = DividerView.swift; sourceTree = "<group>"; };
		CB051BED2CCFD5A900A3B223 /* AppViewController.swift */ = {isa = PBXFileReference; lastKnownFileType = sourcecode.swift; path = AppViewController.swift; sourceTree = "<group>"; };
		CB051BEF2CCFD5DF00A3B223 /* FirstSectionViewCell.swift */ = {isa = PBXFileReference; lastKnownFileType = sourcecode.swift; path = FirstSectionViewCell.swift; sourceTree = "<group>"; };
		CB051BF12CCFEF1A00A3B223 /* FirstSectionAppView.swift */ = {isa = PBXFileReference; lastKnownFileType = sourcecode.swift; path = FirstSectionAppView.swift; sourceTree = "<group>"; };
		CB051BF32CCFF54900A3B223 /* SecondSectionView.swift */ = {isa = PBXFileReference; lastKnownFileType = sourcecode.swift; path = SecondSectionView.swift; sourceTree = "<group>"; };
		CB051BF52CD0C99A00A3B223 /* ChartCollectionCell.swift */ = {isa = PBXFileReference; lastKnownFileType = sourcecode.swift; path = ChartCollectionCell.swift; sourceTree = "<group>"; };
		CB051BF72CD0D30700A3B223 /* ThirdSectionView.swift */ = {isa = PBXFileReference; lastKnownFileType = sourcecode.swift; path = ThirdSectionView.swift; sourceTree = "<group>"; };
		CB051BF92CD0D78C00A3B223 /* FourthSectionView.swift */ = {isa = PBXFileReference; lastKnownFileType = sourcecode.swift; path = FourthSectionView.swift; sourceTree = "<group>"; };
		CB051BFB2CD1458800A3B223 /* AppCollectionCell.swift */ = {isa = PBXFileReference; lastKnownFileType = sourcecode.swift; path = AppCollectionCell.swift; sourceTree = "<group>"; };
		CB051BFE2CD2239C00A3B223 /* ReviewCell.swift */ = {isa = PBXFileReference; lastKnownFileType = sourcecode.swift; path = ReviewCell.swift; sourceTree = "<group>"; };
		CB2E9CE82CB101C6007D0B9B /* AND-SOPT-35-Seminar.app */ = {isa = PBXFileReference; explicitFileType = wrapper.application; includeInIndex = 0; path = "AND-SOPT-35-Seminar.app"; sourceTree = BUILT_PRODUCTS_DIR; };
		CB2E9CEB2CB101C6007D0B9B /* AppDelegate.swift */ = {isa = PBXFileReference; lastKnownFileType = sourcecode.swift; path = AppDelegate.swift; sourceTree = "<group>"; };
		CB2E9CED2CB101C6007D0B9B /* SceneDelegate.swift */ = {isa = PBXFileReference; lastKnownFileType = sourcecode.swift; path = SceneDelegate.swift; sourceTree = "<group>"; };
		CB2E9CEF2CB101C6007D0B9B /* DetailViewController.swift */ = {isa = PBXFileReference; lastKnownFileType = sourcecode.swift; path = DetailViewController.swift; sourceTree = "<group>"; };
		CB2E9CF42CB101CC007D0B9B /* Assets.xcassets */ = {isa = PBXFileReference; lastKnownFileType = folder.assetcatalog; path = Assets.xcassets; sourceTree = "<group>"; };
		CB2E9CF72CB101CC007D0B9B /* Base */ = {isa = PBXFileReference; lastKnownFileType = file.storyboard; name = Base; path = Base.lproj/LaunchScreen.storyboard; sourceTree = "<group>"; };
		CB2E9CF92CB101CC007D0B9B /* Info.plist */ = {isa = PBXFileReference; lastKnownFileType = text.plist.xml; path = Info.plist; sourceTree = "<group>"; };
/* End PBXFileReference section */

/* Begin PBXFrameworksBuildPhase section */
		CB2E9CE52CB101C6007D0B9B /* Frameworks */ = {
			isa = PBXFrameworksBuildPhase;
			buildActionMask = 2147483647;
			files = (
				CB051BA02CBF750800A3B223 /* SnapKit in Frameworks */,
				CB051BA52CBF752E00A3B223 /* Then in Frameworks */,
				CB051BA22CBF750800A3B223 /* SnapKit-Dynamic in Frameworks */,
			);
			runOnlyForDeploymentPostprocessing = 0;
		};
/* End PBXFrameworksBuildPhase section */

/* Begin PBXGroup section */
		CB051BA72CBF7D3E00A3B223 /* Extension */ = {
			isa = PBXGroup;
			children = (
				CB051BA82CBF7D5600A3B223 /* UIView+Extension.swift */,
				CB051BAD2CBF7E1200A3B223 /* UIStackView+Extension.swift */,
			);
			path = Extension;
			sourceTree = "<group>";
		};
		CB051BAA2CBF7D7700A3B223 /* App */ = {
			isa = PBXGroup;
			children = (
				CB2E9CEB2CB101C6007D0B9B /* AppDelegate.swift */,
				CB2E9CED2CB101C6007D0B9B /* SceneDelegate.swift */,
			);
			path = App;
			sourceTree = "<group>";
		};
		CB051BAB2CBF7D8100A3B223 /* ViewController */ = {
			isa = PBXGroup;
			children = (
				CB051BD92CCCC13000A3B223 /* ChartView */,
				CB051BC02CC01F2C00A3B223 /* DetailView */,
				CB051BC12CC01F4400A3B223 /* VersionRecordViewController.swift */,
				CB051BC32CC023B800A3B223 /* ReviewListViewController.swift */,
				CB051BC52CC0242C00A3B223 /* ReviewWriteViewController.swift */,
			);
			path = ViewController;
			sourceTree = "<group>";
		};
		CB051BAC2CBF7D8B00A3B223 /* Resource */ = {
			isa = PBXGroup;
			children = (
				CB2E9CF42CB101CC007D0B9B /* Assets.xcassets */,
				CB2E9CF62CB101CC007D0B9B /* LaunchScreen.storyboard */,
				CB2E9CF92CB101CC007D0B9B /* Info.plist */,
			);
			path = Resource;
			sourceTree = "<group>";
		};
		CB051BB12CBF804A00A3B223 /* Common */ = {
			isa = PBXGroup;
			children = (
				CB051BB22CBF805400A3B223 /* BaseViewController.swift */,
				CB051BB42CBF82FC00A3B223 /* BaseView.swift */,
				CB051BE92CCE803800A3B223 /* DividerView.swift */,
			);
			path = Common;
			sourceTree = "<group>";
		};
		CB051BC02CC01F2C00A3B223 /* DetailView */ = {
			isa = PBXGroup;
			children = (
				CB2E9CEF2CB101C6007D0B9B /* DetailViewController.swift */,
				CB051BAF2CBF802800A3B223 /* TitleView.swift */,
				CB051BB62CBF927D00A3B223 /* InformationView.swift */,
				CB051BB82CBFC1E400A3B223 /* NewVersionView.swift */,
				CB051BBA2CBFCBBB00A3B223 /* PreviewView.swift */,
				CB051BBC2CC0008000A3B223 /* DescriptionVIew.swift */,
				CB051BBE2CC00CAC00A3B223 /* ReviewView.swift */,
				CB051BFE2CD2239C00A3B223 /* ReviewCell.swift */,
			);
			path = DetailView;
			sourceTree = "<group>";
		};
		CB051BD92CCCC13000A3B223 /* ChartView */ = {
			isa = PBXGroup;
			children = (
				CB051BDA2CCCC18500A3B223 /* App.swift */,
				CB051BE02CCCC25700A3B223 /* DownloadState.swift */,
				CB051BDC2CCCC1F200A3B223 /* ChartCell.swift */,
				CB051BDE2CCCC21E00A3B223 /* ChartViewController.swift */,
				CB051BED2CCFD5A900A3B223 /* AppViewController.swift */,
				CB051BEF2CCFD5DF00A3B223 /* FirstSectionViewCell.swift */,
				CB051BF12CCFEF1A00A3B223 /* FirstSectionAppView.swift */,
				CB051BF32CCFF54900A3B223 /* SecondSectionView.swift */,
				CB051BF72CD0D30700A3B223 /* ThirdSectionView.swift */,
				CB051BF92CD0D78C00A3B223 /* FourthSectionView.swift */,
				CB051BF52CD0C99A00A3B223 /* ChartCollectionCell.swift */,
				CB051BFB2CD1458800A3B223 /* AppCollectionCell.swift */,
			);
			path = ChartView;
			sourceTree = "<group>";
		};
		CB2E9CDF2CB101C6007D0B9B = {
			isa = PBXGroup;
			children = (
				CB2E9CEA2CB101C6007D0B9B /* AND-SOPT-35-Seminar */,
				CB2E9CE92CB101C6007D0B9B /* Products */,
			);
			sourceTree = "<group>";
		};
		CB2E9CE92CB101C6007D0B9B /* Products */ = {
			isa = PBXGroup;
			children = (
				CB2E9CE82CB101C6007D0B9B /* AND-SOPT-35-Seminar.app */,
			);
			name = Products;
			sourceTree = "<group>";
		};
		CB2E9CEA2CB101C6007D0B9B /* AND-SOPT-35-Seminar */ = {
			isa = PBXGroup;
			children = (
				CB051BB12CBF804A00A3B223 /* Common */,
				CB051BAC2CBF7D8B00A3B223 /* Resource */,
				CB051BAB2CBF7D8100A3B223 /* ViewController */,
				CB051BAA2CBF7D7700A3B223 /* App */,
				CB051BA72CBF7D3E00A3B223 /* Extension */,
			);
			path = "AND-SOPT-35-Seminar";
			sourceTree = "<group>";
		};
/* End PBXGroup section */

/* Begin PBXNativeTarget section */
		CB2E9CE72CB101C6007D0B9B /* AND-SOPT-35-Seminar */ = {
			isa = PBXNativeTarget;
			buildConfigurationList = CB2E9CFC2CB101CC007D0B9B /* Build configuration list for PBXNativeTarget "AND-SOPT-35-Seminar" */;
			buildPhases = (
				CB2E9CE42CB101C6007D0B9B /* Sources */,
				CB2E9CE52CB101C6007D0B9B /* Frameworks */,
				CB2E9CE62CB101C6007D0B9B /* Resources */,
			);
			buildRules = (
			);
			dependencies = (
			);
			name = "AND-SOPT-35-Seminar";
			packageProductDependencies = (
				CB051B9F2CBF750800A3B223 /* SnapKit */,
				CB051BA12CBF750800A3B223 /* SnapKit-Dynamic */,
				CB051BA42CBF752E00A3B223 /* Then */,
			);
			productName = "AND-SOPT-35-Seminar";
			productReference = CB2E9CE82CB101C6007D0B9B /* AND-SOPT-35-Seminar.app */;
			productType = "com.apple.product-type.application";
		};
/* End PBXNativeTarget section */

/* Begin PBXProject section */
		CB2E9CE02CB101C6007D0B9B /* Project object */ = {
			isa = PBXProject;
			attributes = {
				BuildIndependentTargetsInParallel = 1;
				LastSwiftUpdateCheck = 1530;
				LastUpgradeCheck = 1530;
				TargetAttributes = {
					CB2E9CE72CB101C6007D0B9B = {
						CreatedOnToolsVersion = 15.3;
					};
				};
			};
			buildConfigurationList = CB2E9CE32CB101C6007D0B9B /* Build configuration list for PBXProject "AND-SOPT-35-Seminar" */;
			compatibilityVersion = "Xcode 14.0";
			developmentRegion = en;
			hasScannedForEncodings = 0;
			knownRegions = (
				en,
				Base,
			);
			mainGroup = CB2E9CDF2CB101C6007D0B9B;
			packageReferences = (
				CB051B9E2CBF750800A3B223 /* XCRemoteSwiftPackageReference "SnapKit" */,
				CB051BA32CBF752E00A3B223 /* XCRemoteSwiftPackageReference "Then" */,
			);
			productRefGroup = CB2E9CE92CB101C6007D0B9B /* Products */;
			projectDirPath = "";
			projectRoot = "";
			targets = (
				CB2E9CE72CB101C6007D0B9B /* AND-SOPT-35-Seminar */,
			);
		};
/* End PBXProject section */

/* Begin PBXResourcesBuildPhase section */
		CB2E9CE62CB101C6007D0B9B /* Resources */ = {
			isa = PBXResourcesBuildPhase;
			buildActionMask = 2147483647;
			files = (
				CB2E9CF52CB101CC007D0B9B /* Assets.xcassets in Resources */,
				CB2E9CF82CB101CC007D0B9B /* Base in Resources */,
			);
			runOnlyForDeploymentPostprocessing = 0;
		};
/* End PBXResourcesBuildPhase section */

/* Begin PBXSourcesBuildPhase section */
		CB2E9CE42CB101C6007D0B9B /* Sources */ = {
			isa = PBXSourcesBuildPhase;
			buildActionMask = 2147483647;
			files = (
				CB2E9CF02CB101C6007D0B9B /* DetailViewController.swift in Sources */,
				CB051BFF2CD2239C00A3B223 /* ReviewCell.swift in Sources */,
				CB051BBF2CC00CAC00A3B223 /* ReviewView.swift in Sources */,
				CB051BBD2CC0008000A3B223 /* DescriptionVIew.swift in Sources */,
				CB051BF22CCFEF1A00A3B223 /* FirstSectionAppView.swift in Sources */,
				CB051BC22CC01F4400A3B223 /* VersionRecordViewController.swift in Sources */,
				CB2E9CEC2CB101C6007D0B9B /* AppDelegate.swift in Sources */,
				CB051BB92CBFC1E400A3B223 /* NewVersionView.swift in Sources */,
				CB051BC42CC023B800A3B223 /* ReviewListViewController.swift in Sources */,
				CB051BFA2CD0D78C00A3B223 /* FourthSectionView.swift in Sources */,
				CB2E9CEE2CB101C6007D0B9B /* SceneDelegate.swift in Sources */,
				CB051BB02CBF802800A3B223 /* TitleView.swift in Sources */,
				CB051BEE2CCFD5A900A3B223 /* AppViewController.swift in Sources */,
				CB051BDF2CCCC21E00A3B223 /* ChartViewController.swift in Sources */,
				CB051BDB2CCCC18500A3B223 /* App.swift in Sources */,
				CB051BE12CCCC25700A3B223 /* DownloadState.swift in Sources */,
				CB051BF02CCFD5DF00A3B223 /* FirstSectionViewCell.swift in Sources */,
				CB051BBB2CBFCBBB00A3B223 /* PreviewView.swift in Sources */,
				CB051BF82CD0D30700A3B223 /* ThirdSectionView.swift in Sources */,
				CB051BA92CBF7D5600A3B223 /* UIView+Extension.swift in Sources */,
				CB051BB72CBF927D00A3B223 /* InformationView.swift in Sources */,
				CB051BB32CBF805400A3B223 /* BaseViewController.swift in Sources */,
				CB051BDD2CCCC1F200A3B223 /* ChartCell.swift in Sources */,
				CB051BF62CD0C99A00A3B223 /* ChartCollectionCell.swift in Sources */,
				CB051BF42CCFF54900A3B223 /* SecondSectionView.swift in Sources */,
				CB051BB52CBF82FC00A3B223 /* BaseView.swift in Sources */,
				CB051BC62CC0242C00A3B223 /* ReviewWriteViewController.swift in Sources */,
				CB051BEA2CCE803800A3B223 /* DividerView.swift in Sources */,
				CB051BAE2CBF7E1200A3B223 /* UIStackView+Extension.swift in Sources */,
				CB051BFC2CD1458800A3B223 /* AppCollectionCell.swift in Sources */,
			);
			runOnlyForDeploymentPostprocessing = 0;
		};
/* End PBXSourcesBuildPhase section */

/* Begin PBXVariantGroup section */
		CB2E9CF62CB101CC007D0B9B /* LaunchScreen.storyboard */ = {
			isa = PBXVariantGroup;
			children = (
				CB2E9CF72CB101CC007D0B9B /* Base */,
			);
			name = LaunchScreen.storyboard;
			sourceTree = "<group>";
		};
/* End PBXVariantGroup section */

/* Begin XCBuildConfiguration section */
		CB2E9CFA2CB101CC007D0B9B /* Debug */ = {
			isa = XCBuildConfiguration;
			buildSettings = {
				ALWAYS_SEARCH_USER_PATHS = NO;
				ASSETCATALOG_COMPILER_GENERATE_SWIFT_ASSET_SYMBOL_EXTENSIONS = YES;
				CLANG_ANALYZER_NONNULL = YES;
				CLANG_ANALYZER_NUMBER_OBJECT_CONVERSION = YES_AGGRESSIVE;
				CLANG_CXX_LANGUAGE_STANDARD = "gnu++20";
				CLANG_ENABLE_MODULES = YES;
				CLANG_ENABLE_OBJC_ARC = YES;
				CLANG_ENABLE_OBJC_WEAK = YES;
				CLANG_WARN_BLOCK_CAPTURE_AUTORELEASING = YES;
				CLANG_WARN_BOOL_CONVERSION = YES;
				CLANG_WARN_COMMA = YES;
				CLANG_WARN_CONSTANT_CONVERSION = YES;
				CLANG_WARN_DEPRECATED_OBJC_IMPLEMENTATIONS = YES;
				CLANG_WARN_DIRECT_OBJC_ISA_USAGE = YES_ERROR;
				CLANG_WARN_DOCUMENTATION_COMMENTS = YES;
				CLANG_WARN_EMPTY_BODY = YES;
				CLANG_WARN_ENUM_CONVERSION = YES;
				CLANG_WARN_INFINITE_RECURSION = YES;
				CLANG_WARN_INT_CONVERSION = YES;
				CLANG_WARN_NON_LITERAL_NULL_CONVERSION = YES;
				CLANG_WARN_OBJC_IMPLICIT_RETAIN_SELF = YES;
				CLANG_WARN_OBJC_LITERAL_CONVERSION = YES;
				CLANG_WARN_OBJC_ROOT_CLASS = YES_ERROR;
				CLANG_WARN_QUOTED_INCLUDE_IN_FRAMEWORK_HEADER = YES;
				CLANG_WARN_RANGE_LOOP_ANALYSIS = YES;
				CLANG_WARN_STRICT_PROTOTYPES = YES;
				CLANG_WARN_SUSPICIOUS_MOVE = YES;
				CLANG_WARN_UNGUARDED_AVAILABILITY = YES_AGGRESSIVE;
				CLANG_WARN_UNREACHABLE_CODE = YES;
				CLANG_WARN__DUPLICATE_METHOD_MATCH = YES;
				COPY_PHASE_STRIP = NO;
				DEBUG_INFORMATION_FORMAT = dwarf;
				ENABLE_STRICT_OBJC_MSGSEND = YES;
				ENABLE_TESTABILITY = YES;
				ENABLE_USER_SCRIPT_SANDBOXING = YES;
				GCC_C_LANGUAGE_STANDARD = gnu17;
				GCC_DYNAMIC_NO_PIC = NO;
				GCC_NO_COMMON_BLOCKS = YES;
				GCC_OPTIMIZATION_LEVEL = 0;
				GCC_PREPROCESSOR_DEFINITIONS = (
					"DEBUG=1",
					"$(inherited)",
				);
				GCC_WARN_64_TO_32_BIT_CONVERSION = YES;
				GCC_WARN_ABOUT_RETURN_TYPE = YES_ERROR;
				GCC_WARN_UNDECLARED_SELECTOR = YES;
				GCC_WARN_UNINITIALIZED_AUTOS = YES_AGGRESSIVE;
				GCC_WARN_UNUSED_FUNCTION = YES;
				GCC_WARN_UNUSED_VARIABLE = YES;
				IPHONEOS_DEPLOYMENT_TARGET = 17.4;
				LOCALIZATION_PREFERS_STRING_CATALOGS = YES;
				MTL_ENABLE_DEBUG_INFO = INCLUDE_SOURCE;
				MTL_FAST_MATH = YES;
				ONLY_ACTIVE_ARCH = YES;
				SDKROOT = iphoneos;
				SWIFT_ACTIVE_COMPILATION_CONDITIONS = "DEBUG $(inherited)";
				SWIFT_OPTIMIZATION_LEVEL = "-Onone";
			};
			name = Debug;
		};
		CB2E9CFB2CB101CC007D0B9B /* Release */ = {
			isa = XCBuildConfiguration;
			buildSettings = {
				ALWAYS_SEARCH_USER_PATHS = NO;
				ASSETCATALOG_COMPILER_GENERATE_SWIFT_ASSET_SYMBOL_EXTENSIONS = YES;
				CLANG_ANALYZER_NONNULL = YES;
				CLANG_ANALYZER_NUMBER_OBJECT_CONVERSION = YES_AGGRESSIVE;
				CLANG_CXX_LANGUAGE_STANDARD = "gnu++20";
				CLANG_ENABLE_MODULES = YES;
				CLANG_ENABLE_OBJC_ARC = YES;
				CLANG_ENABLE_OBJC_WEAK = YES;
				CLANG_WARN_BLOCK_CAPTURE_AUTORELEASING = YES;
				CLANG_WARN_BOOL_CONVERSION = YES;
				CLANG_WARN_COMMA = YES;
				CLANG_WARN_CONSTANT_CONVERSION = YES;
				CLANG_WARN_DEPRECATED_OBJC_IMPLEMENTATIONS = YES;
				CLANG_WARN_DIRECT_OBJC_ISA_USAGE = YES_ERROR;
				CLANG_WARN_DOCUMENTATION_COMMENTS = YES;
				CLANG_WARN_EMPTY_BODY = YES;
				CLANG_WARN_ENUM_CONVERSION = YES;
				CLANG_WARN_INFINITE_RECURSION = YES;
				CLANG_WARN_INT_CONVERSION = YES;
				CLANG_WARN_NON_LITERAL_NULL_CONVERSION = YES;
				CLANG_WARN_OBJC_IMPLICIT_RETAIN_SELF = YES;
				CLANG_WARN_OBJC_LITERAL_CONVERSION = YES;
				CLANG_WARN_OBJC_ROOT_CLASS = YES_ERROR;
				CLANG_WARN_QUOTED_INCLUDE_IN_FRAMEWORK_HEADER = YES;
				CLANG_WARN_RANGE_LOOP_ANALYSIS = YES;
				CLANG_WARN_STRICT_PROTOTYPES = YES;
				CLANG_WARN_SUSPICIOUS_MOVE = YES;
				CLANG_WARN_UNGUARDED_AVAILABILITY = YES_AGGRESSIVE;
				CLANG_WARN_UNREACHABLE_CODE = YES;
				CLANG_WARN__DUPLICATE_METHOD_MATCH = YES;
				COPY_PHASE_STRIP = NO;
				DEBUG_INFORMATION_FORMAT = "dwarf-with-dsym";
				ENABLE_NS_ASSERTIONS = NO;
				ENABLE_STRICT_OBJC_MSGSEND = YES;
				ENABLE_USER_SCRIPT_SANDBOXING = YES;
				GCC_C_LANGUAGE_STANDARD = gnu17;
				GCC_NO_COMMON_BLOCKS = YES;
				GCC_WARN_64_TO_32_BIT_CONVERSION = YES;
				GCC_WARN_ABOUT_RETURN_TYPE = YES_ERROR;
				GCC_WARN_UNDECLARED_SELECTOR = YES;
				GCC_WARN_UNINITIALIZED_AUTOS = YES_AGGRESSIVE;
				GCC_WARN_UNUSED_FUNCTION = YES;
				GCC_WARN_UNUSED_VARIABLE = YES;
				IPHONEOS_DEPLOYMENT_TARGET = 17.4;
				LOCALIZATION_PREFERS_STRING_CATALOGS = YES;
				MTL_ENABLE_DEBUG_INFO = NO;
				MTL_FAST_MATH = YES;
				SDKROOT = iphoneos;
				SWIFT_COMPILATION_MODE = wholemodule;
				VALIDATE_PRODUCT = YES;
			};
			name = Release;
		};
		CB2E9CFD2CB101CC007D0B9B /* Debug */ = {
			isa = XCBuildConfiguration;
			buildSettings = {
				ASSETCATALOG_COMPILER_APPICON_NAME = AppIcon;
				ASSETCATALOG_COMPILER_GLOBAL_ACCENT_COLOR_NAME = AccentColor;
				CODE_SIGN_STYLE = Automatic;
				CURRENT_PROJECT_VERSION = 1;
				DEVELOPMENT_TEAM = L9J3VF6GK2;
				GENERATE_INFOPLIST_FILE = YES;
				INFOPLIST_FILE = "AND-SOPT-35-Seminar/Resource/Info.plist";
				INFOPLIST_KEY_UIApplicationSupportsIndirectInputEvents = YES;
				INFOPLIST_KEY_UILaunchStoryboardName = LaunchScreen;
				INFOPLIST_KEY_UISupportedInterfaceOrientations_iPad = "UIInterfaceOrientationPortrait UIInterfaceOrientationPortraitUpsideDown UIInterfaceOrientationLandscapeLeft UIInterfaceOrientationLandscapeRight";
				INFOPLIST_KEY_UISupportedInterfaceOrientations_iPhone = "UIInterfaceOrientationPortrait UIInterfaceOrientationLandscapeLeft UIInterfaceOrientationLandscapeRight";
				LD_RUNPATH_SEARCH_PATHS = (
					"$(inherited)",
					"@executable_path/Frameworks",
				);
				MARKETING_VERSION = 1.0;
				PRODUCT_BUNDLE_IDENTIFIER = "com.juri.AND-SOPT-35-Seminar";
				PRODUCT_NAME = "$(TARGET_NAME)";
				SWIFT_EMIT_LOC_STRINGS = YES;
				SWIFT_VERSION = 5.0;
				TARGETED_DEVICE_FAMILY = "1,2";
			};
			name = Debug;
		};
		CB2E9CFE2CB101CC007D0B9B /* Release */ = {
			isa = XCBuildConfiguration;
			buildSettings = {
				ASSETCATALOG_COMPILER_APPICON_NAME = AppIcon;
				ASSETCATALOG_COMPILER_GLOBAL_ACCENT_COLOR_NAME = AccentColor;
				CODE_SIGN_STYLE = Automatic;
				CURRENT_PROJECT_VERSION = 1;
				DEVELOPMENT_TEAM = L9J3VF6GK2;
				GENERATE_INFOPLIST_FILE = YES;
				INFOPLIST_FILE = "AND-SOPT-35-Seminar/Resource/Info.plist";
				INFOPLIST_KEY_UIApplicationSupportsIndirectInputEvents = YES;
				INFOPLIST_KEY_UILaunchStoryboardName = LaunchScreen;
				INFOPLIST_KEY_UISupportedInterfaceOrientations_iPad = "UIInterfaceOrientationPortrait UIInterfaceOrientationPortraitUpsideDown UIInterfaceOrientationLandscapeLeft UIInterfaceOrientationLandscapeRight";
				INFOPLIST_KEY_UISupportedInterfaceOrientations_iPhone = "UIInterfaceOrientationPortrait UIInterfaceOrientationLandscapeLeft UIInterfaceOrientationLandscapeRight";
				LD_RUNPATH_SEARCH_PATHS = (
					"$(inherited)",
					"@executable_path/Frameworks",
				);
				MARKETING_VERSION = 1.0;
				PRODUCT_BUNDLE_IDENTIFIER = "com.juri.AND-SOPT-35-Seminar";
				PRODUCT_NAME = "$(TARGET_NAME)";
				SWIFT_EMIT_LOC_STRINGS = YES;
				SWIFT_VERSION = 5.0;
				TARGETED_DEVICE_FAMILY = "1,2";
			};
			name = Release;
		};
/* End XCBuildConfiguration section */

/* Begin XCConfigurationList section */
		CB2E9CE32CB101C6007D0B9B /* Build configuration list for PBXProject "AND-SOPT-35-Seminar" */ = {
			isa = XCConfigurationList;
			buildConfigurations = (
				CB2E9CFA2CB101CC007D0B9B /* Debug */,
				CB2E9CFB2CB101CC007D0B9B /* Release */,
			);
			defaultConfigurationIsVisible = 0;
			defaultConfigurationName = Release;
		};
		CB2E9CFC2CB101CC007D0B9B /* Build configuration list for PBXNativeTarget "AND-SOPT-35-Seminar" */ = {
			isa = XCConfigurationList;
			buildConfigurations = (
				CB2E9CFD2CB101CC007D0B9B /* Debug */,
				CB2E9CFE2CB101CC007D0B9B /* Release */,
			);
			defaultConfigurationIsVisible = 0;
			defaultConfigurationName = Release;
		};
/* End XCConfigurationList section */

/* Begin XCRemoteSwiftPackageReference section */
		CB051B9E2CBF750800A3B223 /* XCRemoteSwiftPackageReference "SnapKit" */ = {
			isa = XCRemoteSwiftPackageReference;
			repositoryURL = "https://github.com/SnapKit/SnapKit.git";
			requirement = {
				kind = upToNextMajorVersion;
				minimumVersion = 5.7.1;
			};
		};
		CB051BA32CBF752E00A3B223 /* XCRemoteSwiftPackageReference "Then" */ = {
			isa = XCRemoteSwiftPackageReference;
			repositoryURL = "https://github.com/devxoul/Then";
			requirement = {
				kind = upToNextMajorVersion;
				minimumVersion = 3.0.0;
			};
		};
/* End XCRemoteSwiftPackageReference section */

/* Begin XCSwiftPackageProductDependency section */
		CB051B9F2CBF750800A3B223 /* SnapKit */ = {
			isa = XCSwiftPackageProductDependency;
			package = CB051B9E2CBF750800A3B223 /* XCRemoteSwiftPackageReference "SnapKit" */;
			productName = SnapKit;
		};
		CB051BA12CBF750800A3B223 /* SnapKit-Dynamic */ = {
			isa = XCSwiftPackageProductDependency;
			package = CB051B9E2CBF750800A3B223 /* XCRemoteSwiftPackageReference "SnapKit" */;
			productName = "SnapKit-Dynamic";
		};
		CB051BA42CBF752E00A3B223 /* Then */ = {
			isa = XCSwiftPackageProductDependency;
			package = CB051BA32CBF752E00A3B223 /* XCRemoteSwiftPackageReference "Then" */;
			productName = Then;
		};
/* End XCSwiftPackageProductDependency section */
	};
	rootObject = CB2E9CE02CB101C6007D0B9B /* Project object */;
}
